// !$*UTF8*$!
{
	archiveVersion = 1;
	classes = {
	};
	objectVersion = 46;
	objects = {

/* Begin PBXBuildFile section */
		521785EA1465363700E29545 /* ScrollableTextFieldDelegate.m in Sources */ = {isa = PBXBuildFile; fileRef = 521785E91465363700E29545 /* ScrollableTextFieldDelegate.m */; };
		52DEA09B1465220F00D9E1D4 /* UIKit.framework in Frameworks */ = {isa = PBXBuildFile; fileRef = 52DEA09A1465220F00D9E1D4 /* UIKit.framework */; };
		52DEA09D1465220F00D9E1D4 /* Foundation.framework in Frameworks */ = {isa = PBXBuildFile; fileRef = 52DEA09C1465220F00D9E1D4 /* Foundation.framework */; };
		52DEA0A31465220F00D9E1D4 /* InfoPlist.strings in Resources */ = {isa = PBXBuildFile; fileRef = 52DEA0A11465220F00D9E1D4 /* InfoPlist.strings */; };
		52DEA0A51465220F00D9E1D4 /* main.m in Sources */ = {isa = PBXBuildFile; fileRef = 52DEA0A41465220F00D9E1D4 /* main.m */; };
		52DEA0A91465220F00D9E1D4 /* AppDelegate.m in Sources */ = {isa = PBXBuildFile; fileRef = 52DEA0A81465220F00D9E1D4 /* AppDelegate.m */; };
		52DEA0AC1465220F00D9E1D4 /* ViewController.m in Sources */ = {isa = PBXBuildFile; fileRef = 52DEA0AB1465220F00D9E1D4 /* ViewController.m */; };
		52DEA0AF1465220F00D9E1D4 /* ViewController.xib in Resources */ = {isa = PBXBuildFile; fileRef = 52DEA0AD1465220F00D9E1D4 /* ViewController.xib */; };
		52DEA0B71465222D00D9E1D4 /* ScrollableTextField.m in Sources */ = {isa = PBXBuildFile; fileRef = 52DEA0B61465222D00D9E1D4 /* ScrollableTextField.m */; };
/* End PBXBuildFile section */

/* Begin PBXFileReference section */
		521785E81465363700E29545 /* ScrollableTextFieldDelegate.h */ = {isa = PBXFileReference; fileEncoding = 4; lastKnownFileType = sourcecode.c.h; path = ScrollableTextFieldDelegate.h; sourceTree = "<group>"; };
		521785E91465363700E29545 /* ScrollableTextFieldDelegate.m */ = {isa = PBXFileReference; fileEncoding = 4; lastKnownFileType = sourcecode.c.objc; path = ScrollableTextFieldDelegate.m; sourceTree = "<group>"; };
		52D358D51466681000A1FEE0 /* Constants.h */ = {isa = PBXFileReference; fileEncoding = 4; lastKnownFileType = sourcecode.c.h; path = Constants.h; sourceTree = "<group>"; };
		52DEA0961465220F00D9E1D4 /* CustomTableViewController2.app */ = {isa = PBXFileReference; explicitFileType = wrapper.application; includeInIndex = 0; path = CustomTableViewController2.app; sourceTree = BUILT_PRODUCTS_DIR; };
		52DEA09A1465220F00D9E1D4 /* UIKit.framework */ = {isa = PBXFileReference; lastKnownFileType = wrapper.framework; name = UIKit.framework; path = System/Library/Frameworks/UIKit.framework; sourceTree = SDKROOT; };
		52DEA09C1465220F00D9E1D4 /* Foundation.framework */ = {isa = PBXFileReference; lastKnownFileType = wrapper.framework; name = Foundation.framework; path = System/Library/Frameworks/Foundation.framework; sourceTree = SDKROOT; };
		52DEA0A01465220F00D9E1D4 /* CustomTableViewController2-Info.plist */ = {isa = PBXFileReference; lastKnownFileType = text.plist.xml; path = "CustomTableViewController2-Info.plist"; sourceTree = "<group>"; };
		52DEA0A21465220F00D9E1D4 /* en */ = {isa = PBXFileReference; lastKnownFileType = text.plist.strings; name = en; path = en.lproj/InfoPlist.strings; sourceTree = "<group>"; };
		52DEA0A41465220F00D9E1D4 /* main.m */ = {isa = PBXFileReference; lastKnownFileType = sourcecode.c.objc; path = main.m; sourceTree = "<group>"; };
		52DEA0A61465220F00D9E1D4 /* CustomTableViewController2-Prefix.pch */ = {isa = PBXFileReference; lastKnownFileType = sourcecode.c.h; path = "CustomTableViewController2-Prefix.pch"; sourceTree = "<group>"; };
		52DEA0A71465220F00D9E1D4 /* AppDelegate.h */ = {isa = PBXFileReference; lastKnownFileType = sourcecode.c.h; path = AppDelegate.h; sourceTree = "<group>"; };
		52DEA0A81465220F00D9E1D4 /* AppDelegate.m */ = {isa = PBXFileReference; lastKnownFileType = sourcecode.c.objc; path = AppDelegate.m; sourceTree = "<group>"; };
		52DEA0AA1465220F00D9E1D4 /* ViewController.h */ = {isa = PBXFileReference; lastKnownFileType = sourcecode.c.h; path = ViewController.h; sourceTree = "<group>"; };
		52DEA0AB1465220F00D9E1D4 /* ViewController.m */ = {isa = PBXFileReference; lastKnownFileType = sourcecode.c.objc; path = ViewController.m; sourceTree = "<group>"; };
		52DEA0AE1465220F00D9E1D4 /* en */ = {isa = PBXFileReference; lastKnownFileType = file.xib; name = en; path = en.lproj/ViewController.xib; sourceTree = "<group>"; };
		52DEA0B51465222D00D9E1D4 /* ScrollableTextField.h */ = {isa = PBXFileReference; fileEncoding = 4; lastKnownFileType = sourcecode.c.h; path = ScrollableTextField.h; sourceTree = "<group>"; };
		52DEA0B61465222D00D9E1D4 /* ScrollableTextField.m */ = {isa = PBXFileReference; fileEncoding = 4; lastKnownFileType = sourcecode.c.objc; path = ScrollableTextField.m; sourceTree = "<group>"; };
/* End PBXFileReference section */

/* Begin PBXFrameworksBuildPhase section */
		52DEA0931465220F00D9E1D4 /* Frameworks */ = {
			isa = PBXFrameworksBuildPhase;
			buildActionMask = 2147483647;
			files = (
				52DEA09B1465220F00D9E1D4 /* UIKit.framework in Frameworks */,
				52DEA09D1465220F00D9E1D4 /* Foundation.framework in Frameworks */,
			);
			runOnlyForDeploymentPostprocessing = 0;
		};
/* End PBXFrameworksBuildPhase section */

/* Begin PBXGroup section */
		52DEA08B1465220F00D9E1D4 = {
			isa = PBXGroup;
			children = (
				52DEA09E1465220F00D9E1D4 /* CustomTableViewController2 */,
				52DEA0991465220F00D9E1D4 /* Frameworks */,
				52DEA0971465220F00D9E1D4 /* Products */,
			);
			sourceTree = "<group>";
		};
		52DEA0971465220F00D9E1D4 /* Products */ = {
			isa = PBXGroup;
			children = (
				52DEA0961465220F00D9E1D4 /* CustomTableViewController2.app */,
			);
			name = Products;
			sourceTree = "<group>";
		};
		52DEA0991465220F00D9E1D4 /* Frameworks */ = {
			isa = PBXGroup;
			children = (
				52DEA09A1465220F00D9E1D4 /* UIKit.framework */,
				52DEA09C1465220F00D9E1D4 /* Foundation.framework */,
			);
			name = Frameworks;
			sourceTree = "<group>";
		};
		52DEA09E1465220F00D9E1D4 /* CustomTableViewController2 */ = {
			isa = PBXGroup;
			children = (
				52DEA0A71465220F00D9E1D4 /* AppDelegate.h */,
				52DEA0A81465220F00D9E1D4 /* AppDelegate.m */,
				52DEA0AA1465220F00D9E1D4 /* ViewController.h */,
				52DEA0AB1465220F00D9E1D4 /* ViewController.m */,
				52DEA0AD1465220F00D9E1D4 /* ViewController.xib */,
				52DEA09F1465220F00D9E1D4 /* Supporting Files */,
				52DEA0B51465222D00D9E1D4 /* ScrollableTextField.h */,
				52DEA0B61465222D00D9E1D4 /* ScrollableTextField.m */,
				521785E81465363700E29545 /* ScrollableTextFieldDelegate.h */,
				521785E91465363700E29545 /* ScrollableTextFieldDelegate.m */,
				52D358D51466681000A1FEE0 /* Constants.h */,
			);
			path = CustomTableViewController2;
			sourceTree = "<group>";
		};
		52DEA09F1465220F00D9E1D4 /* Supporting Files */ = {
			isa = PBXGroup;
			children = (
				52DEA0A01465220F00D9E1D4 /* CustomTableViewController2-Info.plist */,
				52DEA0A11465220F00D9E1D4 /* InfoPlist.strings */,
				52DEA0A41465220F00D9E1D4 /* main.m */,
				52DEA0A61465220F00D9E1D4 /* CustomTableViewController2-Prefix.pch */,
			);
			name = "Supporting Files";
			sourceTree = "<group>";
		};
/* End PBXGroup section */

/* Begin PBXNativeTarget section */
		52DEA0951465220F00D9E1D4 /* CustomTableViewController2 */ = {
			isa = PBXNativeTarget;
			buildConfigurationList = 52DEA0B21465220F00D9E1D4 /* Build configuration list for PBXNativeTarget "CustomTableViewController2" */;
			buildPhases = (
				52DEA0921465220F00D9E1D4 /* Sources */,
				52DEA0931465220F00D9E1D4 /* Frameworks */,
				52DEA0941465220F00D9E1D4 /* Resources */,
			);
			buildRules = (
			);
			dependencies = (
			);
			name = CustomTableViewController2;
			productName = CustomTableViewController2;
			productReference = 52DEA0961465220F00D9E1D4 /* CustomTableViewController2.app */;
			productType = "com.apple.product-type.application";
		};
/* End PBXNativeTarget section */

/* Begin PBXProject section */
		52DEA08D1465220F00D9E1D4 /* Project object */ = {
			isa = PBXProject;
			attributes = {
				LastUpgradeCheck = 0420;
				ORGANIZATIONNAME = Inova;
			};
			buildConfigurationList = 52DEA0901465220F00D9E1D4 /* Build configuration list for PBXProject "CustomTableViewController2" */;
			compatibilityVersion = "Xcode 3.2";
			developmentRegion = English;
			hasScannedForEncodings = 0;
			knownRegions = (
				en,
			);
			mainGroup = 52DEA08B1465220F00D9E1D4;
			productRefGroup = 52DEA0971465220F00D9E1D4 /* Products */;
			projectDirPath = "";
			projectRoot = "";
			targets = (
				52DEA0951465220F00D9E1D4 /* CustomTableViewController2 */,
			);
		};
/* End PBXProject section */

/* Begin PBXResourcesBuildPhase section */
		52DEA0941465220F00D9E1D4 /* Resources */ = {
			isa = PBXResourcesBuildPhase;
			buildActionMask = 2147483647;
			files = (
				52DEA0A31465220F00D9E1D4 /* InfoPlist.strings in Resources */,
				52DEA0AF1465220F00D9E1D4 /* ViewController.xib in Resources */,
			);
			runOnlyForDeploymentPostprocessing = 0;
		};
/* End PBXResourcesBuildPhase section */

/* Begin PBXSourcesBuildPhase section */
		52DEA0921465220F00D9E1D4 /* Sources */ = {
			isa = PBXSourcesBuildPhase;
			buildActionMask = 2147483647;
			files = (
				52DEA0A51465220F00D9E1D4 /* main.m in Sources */,
				52DEA0A91465220F00D9E1D4 /* AppDelegate.m in Sources */,
				52DEA0AC1465220F00D9E1D4 /* ViewController.m in Sources */,
				52DEA0B71465222D00D9E1D4 /* ScrollableTextField.m in Sources */,
				521785EA1465363700E29545 /* ScrollableTextFieldDelegate.m in Sources */,
			);
			runOnlyForDeploymentPostprocessing = 0;
		};
/* End PBXSourcesBuildPhase section */

/* Begin PBXVariantGroup section */
		52DEA0A11465220F00D9E1D4 /* InfoPlist.strings */ = {
			isa = PBXVariantGroup;
			children = (
				52DEA0A21465220F00D9E1D4 /* en */,
			);
			name = InfoPlist.strings;
			sourceTree = "<group>";
		};
		52DEA0AD1465220F00D9E1D4 /* ViewController.xib */ = {
			isa = PBXVariantGroup;
			children = (
				52DEA0AE1465220F00D9E1D4 /* en */,
			);
			name = ViewController.xib;
			sourceTree = "<group>";
		};
/* End PBXVariantGroup section */

/* Begin XCBuildConfiguration section */
		52DEA0B01465220F00D9E1D4 /* Debug */ = {
			isa = XCBuildConfiguration;
			buildSettings = {
				ALWAYS_SEARCH_USER_PATHS = NO;
				ARCHS = "$(ARCHS_STANDARD_32_BIT)";
				"CODE_SIGN_IDENTITY[sdk=iphoneos*]" = "iPhone Developer";
				COPY_PHASE_STRIP = NO;
				GCC_C_LANGUAGE_STANDARD = gnu99;
				GCC_DYNAMIC_NO_PIC = NO;
				GCC_OPTIMIZATION_LEVEL = 0;
				GCC_PREPROCESSOR_DEFINITIONS = (
					"DEBUG=1",
					"$(inherited)",
				);
				GCC_SYMBOLS_PRIVATE_EXTERN = NO;
				GCC_VERSION = com.apple.compilers.llvm.clang.1_0;
				GCC_WARN_ABOUT_MISSING_PROTOTYPES = YES;
				GCC_WARN_ABOUT_RETURN_TYPE = YES;
				GCC_WARN_UNUSED_VARIABLE = YES;
				IPHONEOS_DEPLOYMENT_TARGET = 5.0;
				SDKROOT = iphoneos;
			};
			name = Debug;
		};
		52DEA0B11465220F00D9E1D4 /* Release */ = {
			isa = XCBuildConfiguration;
			buildSettings = {
				ALWAYS_SEARCH_USER_PATHS = NO;
				ARCHS = "$(ARCHS_STANDARD_32_BIT)";
				"CODE_SIGN_IDENTITY[sdk=iphoneos*]" = "iPhone Developer";
				COPY_PHASE_STRIP = YES;
				GCC_C_LANGUAGE_STANDARD = gnu99;
				GCC_VERSION = com.apple.compilers.llvm.clang.1_0;
				GCC_WARN_ABOUT_MISSING_PROTOTYPES = YES;
				GCC_WARN_ABOUT_RETURN_TYPE = YES;
				GCC_WARN_UNUSED_VARIABLE = YES;
				IPHONEOS_DEPLOYMENT_TARGET = 5.0;
				OTHER_CFLAGS = "-DNS_BLOCK_ASSERTIONS=1";
				SDKROOT = iphoneos;
				VALIDATE_PRODUCT = YES;
			};
			name = Release;
		};
		52DEA0B31465220F00D9E1D4 /* Debug */ = {
			isa = XCBuildConfiguration;
			buildSettings = {
				GCC_PRECOMPILE_PREFIX_HEADER = YES;
				GCC_PREFIX_HEADER = "CustomTableViewController2/CustomTableViewController2-Prefix.pch";
				INFOPLIST_FILE = "CustomTableViewController2/CustomTableViewController2-Info.plist";
				IPHONEOS_DEPLOYMENT_TARGET = 4.0;
				PRODUCT_NAME = "$(TARGET_NAME)";
				WRAPPER_EXTENSION = app;
			};
			name = Debug;
		};
		52DEA0B41465220F00D9E1D4 /* Release */ = {
			isa = XCBuildConfiguration;
			buildSettings = {
				GCC_PRECOMPILE_PREFIX_HEADER = YES;
				GCC_PREFIX_HEADER = "CustomTableViewController2/CustomTableViewController2-Prefix.pch";
				INFOPLIST_FILE = "CustomTableViewController2/CustomTableViewController2-Info.plist";
				IPHONEOS_DEPLOYMENT_TARGET = 4.0;
				PRODUCT_NAME = "$(TARGET_NAME)";
				WRAPPER_EXTENSION = app;
			};
			name = Release;
		};
/* End XCBuildConfiguration section */

/* Begin XCConfigurationList section */
		52DEA0901465220F00D9E1D4 /* Build configuration list for PBXProject "CustomTableViewController2" */ = {
			isa = XCConfigurationList;
			buildConfigurations = (
				52DEA0B01465220F00D9E1D4 /* Debug */,
				52DEA0B11465220F00D9E1D4 /* Release */,
			);
			defaultConfigurationIsVisible = 0;
			defaultConfigurationName = Release;
		};
		52DEA0B21465220F00D9E1D4 /* Build configuration list for PBXNativeTarget "CustomTableViewController2" */ = {
			isa = XCConfigurationList;
			buildConfigurations = (
				52DEA0B31465220F00D9E1D4 /* Debug */,
				52DEA0B41465220F00D9E1D4 /* Release */,
			);
			defaultConfigurationIsVisible = 0;
			defaultConfigurationName = Release;
		};
/* End XCConfigurationList section */
	};
	rootObject = 52DEA08D1465220F00D9E1D4 /* Project object */;
}
